
Microsoft Visual Studio Solution File, Format Version 12.00
# Visual Studio Version 17
VisualStudioVersion = 17.3.32819.101
MinimumVisualStudioVersion = 10.0.40219.1
Project("{FAE04EC0-301F-11D3-BF4B-00C04F79EFBC}") = "JasperGreenTeam02", "JasperGreenTeam02\JasperGreenTeam02.csproj", "{3DB040CA-D3F2-4755-BE1B-0308EF97723C}"
EndProject
Global
	GlobalSection(SolutionConfigurationPlatforms) = preSolution
		Debug|Any CPU = Debug|Any CPU
		Release|Any CPU = Release|Any CPU
	EndGlobalSection
	GlobalSection(ProjectConfigurationPlatforms) = postSolution
		{3DB040CA-D3F2-4755-BE1B-0308EF97723C}.Debug|Any CPU.ActiveCfg = Debug|Any CPU
		{3DB040CA-D3F2-4755-BE1B-0308EF97723C}.Debug|Any CPU.Build.0 = Debug|Any CPU
		{3DB040CA-D3F2-4755-BE1B-0308EF97723C}.Release|Any CPU.ActiveCfg = Release|Any CPU
		{3DB040CA-D3F2-4755-BE1B-0308EF97723C}.Release|Any CPU.Build.0 = Release|Any CPU
	EndGlobalSection
	GlobalSection(SolutionProperties) = preSolution
		HideSolutionNode = FALSE
	EndGlobalSection
	GlobalSection(ExtensibilityGlobals) = postSolution
		SolutionGuid = {E9D46646-E42C-49EB-A205-704E72A37D35}
	EndGlobalSection
EndGlobal
